
Microsoft Visual Studio Solution File, Format Version 12.00
# Visual Studio Version 16
VisualStudioVersion = 16.0.29709.97
MinimumVisualStudioVersion = 10.0.40219.1
Project("{FAE04EC0-301F-11D3-BF4B-00C04F79EFBC}") = "SampleApp.Android", "SampleApp\SampleApp.Android\SampleApp.Android.csproj", "{088E6220-EE38-491B-B02F-4505BEACB78B}"
EndProject
Project("{FAE04EC0-301F-11D3-BF4B-00C04F79EFBC}") = "SampleApp.iOS", "SampleApp\SampleApp.iOS\SampleApp.iOS.csproj", "{2E7B13DB-9541-4498-9510-806312F98E91}"
EndProject
Project("{FAE04EC0-301F-11D3-BF4B-00C04F79EFBC}") = "SampleApp", "SampleApp\SampleApp\SampleApp.csproj", "{A083DC5E-B283-4008-9470-20928A6B277E}"
EndProject
Global
	GlobalSection(SolutionConfigurationPlatforms) = preSolution
		Debug|Any CPU = Debug|Any CPU
		Debug|iPhone = Debug|iPhone
		Debug|iPhoneSimulator = Debug|iPhoneSimulator
		Release|Any CPU = Release|Any CPU
		Release|iPhone = Release|iPhone
		Release|iPhoneSimulator = Release|iPhoneSimulator
	EndGlobalSection
	GlobalSection(ProjectConfigurationPlatforms) = postSolution
		{088E6220-EE38-491B-B02F-4505BEACB78B}.Debug|Any CPU.ActiveCfg = Debug|Any CPU
		{088E6220-EE38-491B-B02F-4505BEACB78B}.Debug|Any CPU.Build.0 = Debug|Any CPU
		{088E6220-EE38-491B-B02F-4505BEACB78B}.Debug|Any CPU.Deploy.0 = Debug|Any CPU
		{088E6220-EE38-491B-B02F-4505BEACB78B}.Debug|iPhone.ActiveCfg = Debug|Any CPU
		{088E6220-EE38-491B-B02F-4505BEACB78B}.Debug|iPhone.Build.0 = Debug|Any CPU
		{088E6220-EE38-491B-B02F-4505BEACB78B}.Debug|iPhone.Deploy.0 = Debug|Any CPU
		{088E6220-EE38-491B-B02F-4505BEACB78B}.Debug|iPhoneSimulator.ActiveCfg = Debug|Any CPU
		{088E6220-EE38-491B-B02F-4505BEACB78B}.Debug|iPhoneSimulator.Build.0 = Debug|Any CPU
		{088E6220-EE38-491B-B02F-4505BEACB78B}.Debug|iPhoneSimulator.Deploy.0 = Debug|Any CPU
		{088E6220-EE38-491B-B02F-4505BEACB78B}.Release|Any CPU.ActiveCfg = Release|Any CPU
		{088E6220-EE38-491B-B02F-4505BEACB78B}.Release|Any CPU.Build.0 = Release|Any CPU
		{088E6220-EE38-491B-B02F-4505BEACB78B}.Release|Any CPU.Deploy.0 = Release|Any CPU
		{088E6220-EE38-491B-B02F-4505BEACB78B}.Release|iPhone.ActiveCfg = Release|Any CPU
		{088E6220-EE38-491B-B02F-4505BEACB78B}.Release|iPhone.Build.0 = Release|Any CPU
		{088E6220-EE38-491B-B02F-4505BEACB78B}.Release|iPhone.Deploy.0 = Release|Any CPU
		{088E6220-EE38-491B-B02F-4505BEACB78B}.Release|iPhoneSimulator.ActiveCfg = Release|Any CPU
		{088E6220-EE38-491B-B02F-4505BEACB78B}.Release|iPhoneSimulator.Build.0 = Release|Any CPU
		{088E6220-EE38-491B-B02F-4505BEACB78B}.Release|iPhoneSimulator.Deploy.0 = Release|Any CPU
		{2E7B13DB-9541-4498-9510-806312F98E91}.Debug|Any CPU.ActiveCfg = Debug|iPhoneSimulator
		{2E7B13DB-9541-4498-9510-806312F98E91}.Debug|Any CPU.Build.0 = Debug|iPhoneSimulator
		{2E7B13DB-9541-4498-9510-806312F98E91}.Debug|Any CPU.Deploy.0 = Debug|iPhoneSimulator
		{2E7B13DB-9541-4498-9510-806312F98E91}.Debug|iPhone.ActiveCfg = Debug|iPhone
		{2E7B13DB-9541-4498-9510-806312F98E91}.Debug|iPhone.Build.0 = Debug|iPhone
		{2E7B13DB-9541-4498-9510-806312F98E91}.Debug|iPhone.Deploy.0 = Debug|iPhone
		{2E7B13DB-9541-4498-9510-806312F98E91}.Debug|iPhoneSimulator.ActiveCfg = Debug|iPhoneSimulator
		{2E7B13DB-9541-4498-9510-806312F98E91}.Debug|iPhoneSimulator.Build.0 = Debug|iPhoneSimulator
		{2E7B13DB-9541-4498-9510-806312F98E91}.Debug|iPhoneSimulator.Deploy.0 = Debug|iPhoneSimulator
		{2E7B13DB-9541-4498-9510-806312F98E91}.Release|Any CPU.ActiveCfg = Release|iPhone
		{2E7B13DB-9541-4498-9510-806312F98E91}.Release|Any CPU.Build.0 = Release|iPhone
		{2E7B13DB-9541-4498-9510-806312F98E91}.Release|Any CPU.Deploy.0 = Release|iPhone
		{2E7B13DB-9541-4498-9510-806312F98E91}.Release|iPhone.ActiveCfg = Release|iPhone
		{2E7B13DB-9541-4498-9510-806312F98E91}.Release|iPhone.Build.0 = Release|iPhone
		{2E7B13DB-9541-4498-9510-806312F98E91}.Release|iPhone.Deploy.0 = Release|iPhone
		{2E7B13DB-9541-4498-9510-806312F98E91}.Release|iPhoneSimulator.ActiveCfg = Release|iPhoneSimulator
		{2E7B13DB-9541-4498-9510-806312F98E91}.Release|iPhoneSimulator.Build.0 = Release|iPhoneSimulator
		{2E7B13DB-9541-4498-9510-806312F98E91}.Release|iPhoneSimulator.Deploy.0 = Release|iPhoneSimulator
		{A083DC5E-B283-4008-9470-20928A6B277E}.Debug|Any CPU.ActiveCfg = Debug|Any CPU
		{A083DC5E-B283-4008-9470-20928A6B277E}.Debug|Any CPU.Build.0 = Debug|Any CPU
		{A083DC5E-B283-4008-9470-20928A6B277E}.Debug|Any CPU.Deploy.0 = Debug|Any CPU
		{A083DC5E-B283-4008-9470-20928A6B277E}.Debug|iPhone.ActiveCfg = Debug|Any CPU
		{A083DC5E-B283-4008-9470-20928A6B277E}.Debug|iPhone.Build.0 = Debug|Any CPU
		{A083DC5E-B283-4008-9470-20928A6B277E}.Debug|iPhone.Deploy.0 = Debug|Any CPU
		{A083DC5E-B283-4008-9470-20928A6B277E}.Debug|iPhoneSimulator.ActiveCfg = Debug|Any CPU
		{A083DC5E-B283-4008-9470-20928A6B277E}.Debug|iPhoneSimulator.Build.0 = Debug|Any CPU
		{A083DC5E-B283-4008-9470-20928A6B277E}.Debug|iPhoneSimulator.Deploy.0 = Debug|Any CPU
		{A083DC5E-B283-4008-9470-20928A6B277E}.Release|Any CPU.ActiveCfg = Release|Any CPU
		{A083DC5E-B283-4008-9470-20928A6B277E}.Release|Any CPU.Build.0 = Release|Any CPU
		{A083DC5E-B283-4008-9470-20928A6B277E}.Release|Any CPU.Deploy.0 = Release|Any CPU
		{A083DC5E-B283-4008-9470-20928A6B277E}.Release|iPhone.ActiveCfg = Release|Any CPU
		{A083DC5E-B283-4008-9470-20928A6B277E}.Release|iPhone.Build.0 = Release|Any CPU
		{A083DC5E-B283-4008-9470-20928A6B277E}.Release|iPhone.Deploy.0 = Release|Any CPU
		{A083DC5E-B283-4008-9470-20928A6B277E}.Release|iPhoneSimulator.ActiveCfg = Release|Any CPU
		{A083DC5E-B283-4008-9470-20928A6B277E}.Release|iPhoneSimulator.Build.0 = Release|Any CPU
		{A083DC5E-B283-4008-9470-20928A6B277E}.Release|iPhoneSimulator.Deploy.0 = Release|Any CPU
	EndGlobalSection
	GlobalSection(SolutionProperties) = preSolution
		HideSolutionNode = FALSE
	EndGlobalSection
	GlobalSection(ExtensibilityGlobals) = postSolution
		SolutionGuid = {733CF2B0-008E-47EC-A9F1-ADACB27A69CE}
	EndGlobalSection
EndGlobal
